
Microsoft Visual Studio Solution File, Format Version 12.00
Project("{FAE04EC0-301F-11D3-BF4B-00C04F79EFBC}") = "GameService", "GameService\GameService.csproj", "{1889F07E-A01C-4858-BD98-E5F9FB009ABF}"
EndProject
Project("{FAE04EC0-301F-11D3-BF4B-00C04F79EFBC}") = "Core", "Core\Core.csproj", "{3D18D6B4-5CC3-42FE-8D2C-5DD600C6BE6D}"
EndProject
Project("{FAE04EC0-301F-11D3-BF4B-00C04F79EFBC}") = "GameService.Tests", "GameService.Tests\GameService.Tests.csproj", "{0BB93F76-BEAC-4FA5-9DA7-0C3CF529B755}"
EndProject
Global
	GlobalSection(SolutionConfigurationPlatforms) = preSolution
		Debug|Any CPU = Debug|Any CPU
		Release|Any CPU = Release|Any CPU
	EndGlobalSection
	GlobalSection(ProjectConfigurationPlatforms) = postSolution
		{1889F07E-A01C-4858-BD98-E5F9FB009ABF}.Debug|Any CPU.ActiveCfg = Debug|Any CPU
		{1889F07E-A01C-4858-BD98-E5F9FB009ABF}.Debug|Any CPU.Build.0 = Debug|Any CPU
		{1889F07E-A01C-4858-BD98-E5F9FB009ABF}.Release|Any CPU.ActiveCfg = Release|Any CPU
		{1889F07E-A01C-4858-BD98-E5F9FB009ABF}.Release|Any CPU.Build.0 = Release|Any CPU
		{3D18D6B4-5CC3-42FE-8D2C-5DD600C6BE6D}.Debug|Any CPU.ActiveCfg = Debug|Any CPU
		{3D18D6B4-5CC3-42FE-8D2C-5DD600C6BE6D}.Debug|Any CPU.Build.0 = Debug|Any CPU
		{3D18D6B4-5CC3-42FE-8D2C-5DD600C6BE6D}.Release|Any CPU.ActiveCfg = Release|Any CPU
		{3D18D6B4-5CC3-42FE-8D2C-5DD600C6BE6D}.Release|Any CPU.Build.0 = Release|Any CPU
		{0BB93F76-BEAC-4FA5-9DA7-0C3CF529B755}.Debug|Any CPU.ActiveCfg = Debug|Any CPU
		{0BB93F76-BEAC-4FA5-9DA7-0C3CF529B755}.Debug|Any CPU.Build.0 = Debug|Any CPU
		{0BB93F76-BEAC-4FA5-9DA7-0C3CF529B755}.Release|Any CPU.ActiveCfg = Release|Any CPU
		{0BB93F76-BEAC-4FA5-9DA7-0C3CF529B755}.Release|Any CPU.Build.0 = Release|Any CPU
	EndGlobalSection
EndGlobal
